
Microsoft Visual Studio Solution File, Format Version 12.00
# Visual Studio Version 17
VisualStudioVersion = 17.1.32407.343
MinimumVisualStudioVersion = 10.0.40219.1
Project("{2150E333-8FDC-42A3-9474-1A3956D46DE8}") = "FrontEnd", "FrontEnd", "{57974CB5-E4C6-49C8-B52F-0F66145422F5}"
EndProject
Project("{2150E333-8FDC-42A3-9474-1A3956D46DE8}") = "Services", "Services", "{3E61C9F6-C1A0-47B1-879E-459D92690867}"
EndProject
Project("{9A19103F-16F7-4668-BE54-9A1E7A4F7556}") = "GeekShopping.Web", "GeekShopping.Web\GeekShopping.Web.csproj", "{BD5EE0B5-DA50-4C7F-BF48-E9D5445F0E79}"
EndProject
Project("{9A19103F-16F7-4668-BE54-9A1E7A4F7556}") = "GeekShopping.Product.API", "GeekShopping.Product.API\GeekShopping.Product.API.csproj", "{BC1D7EC0-67C7-4FCB-9D0B-D55D3FBD898A}"
EndProject
Project("{9A19103F-16F7-4668-BE54-9A1E7A4F7556}") = "GeekShopping.IdentityServer", "GeekShopping.IdentityServer\GeekShopping.IdentityServer.csproj", "{6DA7690B-D99A-435E-9CF9-FF86F5E833B2}"
EndProject
Project("{9A19103F-16F7-4668-BE54-9A1E7A4F7556}") = "GeekShopping.Cart.API", "GeekShopping.Cart.API\GeekShopping.Cart.API.csproj", "{CF5A6609-F6F6-47A2-9176-644720B0C747}"
EndProject
Project("{9A19103F-16F7-4668-BE54-9A1E7A4F7556}") = "GeekShopping.Coupon.API", "GeekShopping.Coupon.API\GeekShopping.Coupon.API.csproj", "{42F0A8FD-A732-4F52-B3E4-7D6ED46D9F0B}"
EndProject
Project("{2150E333-8FDC-42A3-9474-1A3956D46DE8}") = "Integration", "Integration", "{E0556117-5C59-44A4-868B-7544ECA3A61C}"
EndProject
Project("{9A19103F-16F7-4668-BE54-9A1E7A4F7556}") = "GeekShopping.MessageBus", "GeekShopping.MessageBus\GeekShopping.MessageBus.csproj", "{F4A6C75F-C7E1-45D5-BD6B-BF3B8DD2BB82}"
EndProject
Project("{FAE04EC0-301F-11D3-BF4B-00C04F79EFBC}") = "GeekShopping.Order.API", "GeekShopping.Order.API\GeekShopping.Order.API.csproj", "{C9945D4F-388C-4EB8-83CE-4550CC0334E2}"
EndProject
Global
	GlobalSection(SolutionConfigurationPlatforms) = preSolution
		Debug|Any CPU = Debug|Any CPU
		Release|Any CPU = Release|Any CPU
	EndGlobalSection
	GlobalSection(ProjectConfigurationPlatforms) = postSolution
		{BD5EE0B5-DA50-4C7F-BF48-E9D5445F0E79}.Debug|Any CPU.ActiveCfg = Debug|Any CPU
		{BD5EE0B5-DA50-4C7F-BF48-E9D5445F0E79}.Debug|Any CPU.Build.0 = Debug|Any CPU
		{BD5EE0B5-DA50-4C7F-BF48-E9D5445F0E79}.Release|Any CPU.ActiveCfg = Release|Any CPU
		{BD5EE0B5-DA50-4C7F-BF48-E9D5445F0E79}.Release|Any CPU.Build.0 = Release|Any CPU
		{BC1D7EC0-67C7-4FCB-9D0B-D55D3FBD898A}.Debug|Any CPU.ActiveCfg = Debug|Any CPU
		{BC1D7EC0-67C7-4FCB-9D0B-D55D3FBD898A}.Debug|Any CPU.Build.0 = Debug|Any CPU
		{BC1D7EC0-67C7-4FCB-9D0B-D55D3FBD898A}.Release|Any CPU.ActiveCfg = Release|Any CPU
		{BC1D7EC0-67C7-4FCB-9D0B-D55D3FBD898A}.Release|Any CPU.Build.0 = Release|Any CPU
		{6DA7690B-D99A-435E-9CF9-FF86F5E833B2}.Debug|Any CPU.ActiveCfg = Debug|Any CPU
		{6DA7690B-D99A-435E-9CF9-FF86F5E833B2}.Debug|Any CPU.Build.0 = Debug|Any CPU
		{6DA7690B-D99A-435E-9CF9-FF86F5E833B2}.Release|Any CPU.ActiveCfg = Release|Any CPU
		{6DA7690B-D99A-435E-9CF9-FF86F5E833B2}.Release|Any CPU.Build.0 = Release|Any CPU
		{CF5A6609-F6F6-47A2-9176-644720B0C747}.Debug|Any CPU.ActiveCfg = Debug|Any CPU
		{CF5A6609-F6F6-47A2-9176-644720B0C747}.Debug|Any CPU.Build.0 = Debug|Any CPU
		{CF5A6609-F6F6-47A2-9176-644720B0C747}.Release|Any CPU.ActiveCfg = Release|Any CPU
		{CF5A6609-F6F6-47A2-9176-644720B0C747}.Release|Any CPU.Build.0 = Release|Any CPU
		{42F0A8FD-A732-4F52-B3E4-7D6ED46D9F0B}.Debug|Any CPU.ActiveCfg = Debug|Any CPU
		{42F0A8FD-A732-4F52-B3E4-7D6ED46D9F0B}.Debug|Any CPU.Build.0 = Debug|Any CPU
		{42F0A8FD-A732-4F52-B3E4-7D6ED46D9F0B}.Release|Any CPU.ActiveCfg = Release|Any CPU
		{42F0A8FD-A732-4F52-B3E4-7D6ED46D9F0B}.Release|Any CPU.Build.0 = Release|Any CPU
		{F4A6C75F-C7E1-45D5-BD6B-BF3B8DD2BB82}.Debug|Any CPU.ActiveCfg = Debug|Any CPU
		{F4A6C75F-C7E1-45D5-BD6B-BF3B8DD2BB82}.Debug|Any CPU.Build.0 = Debug|Any CPU
		{F4A6C75F-C7E1-45D5-BD6B-BF3B8DD2BB82}.Release|Any CPU.ActiveCfg = Release|Any CPU
		{F4A6C75F-C7E1-45D5-BD6B-BF3B8DD2BB82}.Release|Any CPU.Build.0 = Release|Any CPU
		{C9945D4F-388C-4EB8-83CE-4550CC0334E2}.Debug|Any CPU.ActiveCfg = Debug|Any CPU
		{C9945D4F-388C-4EB8-83CE-4550CC0334E2}.Debug|Any CPU.Build.0 = Debug|Any CPU
		{C9945D4F-388C-4EB8-83CE-4550CC0334E2}.Release|Any CPU.ActiveCfg = Release|Any CPU
		{C9945D4F-388C-4EB8-83CE-4550CC0334E2}.Release|Any CPU.Build.0 = Release|Any CPU
	EndGlobalSection
	GlobalSection(SolutionProperties) = preSolution
		HideSolutionNode = FALSE
	EndGlobalSection
	GlobalSection(NestedProjects) = preSolution
		{BD5EE0B5-DA50-4C7F-BF48-E9D5445F0E79} = {57974CB5-E4C6-49C8-B52F-0F66145422F5}
		{BC1D7EC0-67C7-4FCB-9D0B-D55D3FBD898A} = {3E61C9F6-C1A0-47B1-879E-459D92690867}
		{6DA7690B-D99A-435E-9CF9-FF86F5E833B2} = {3E61C9F6-C1A0-47B1-879E-459D92690867}
		{CF5A6609-F6F6-47A2-9176-644720B0C747} = {3E61C9F6-C1A0-47B1-879E-459D92690867}
		{42F0A8FD-A732-4F52-B3E4-7D6ED46D9F0B} = {3E61C9F6-C1A0-47B1-879E-459D92690867}
		{F4A6C75F-C7E1-45D5-BD6B-BF3B8DD2BB82} = {E0556117-5C59-44A4-868B-7544ECA3A61C}
		{C9945D4F-388C-4EB8-83CE-4550CC0334E2} = {3E61C9F6-C1A0-47B1-879E-459D92690867}
	EndGlobalSection
	GlobalSection(ExtensibilityGlobals) = postSolution
		SolutionGuid = {B828AE5A-8F46-456B-9751-239F49A4AF79}
	EndGlobalSection
EndGlobal
